<?xml version="1.0" encoding="UTF-8"?>
<!DOCTYPE plist PUBLIC "-//Apple//DTD PLIST 1.0//EN" "http://www.apple.com/DTDs/PropertyList-1.0.dtd">
<plist version="1.0">
<dict>
	<key>archiveVersion</key>
	<string>1</string>
	<key>classes</key>
	<dict/>
	<key>objectVersion</key>
	<string>46</string>
	<key>objects</key>
	<dict>
		<key>0108F23819C02D4900C237C5</key>
		<dict>
			<key>fileEncoding</key>
			<string>4</string>
			<key>isa</key>
			<string>PBXFileReference</string>
			<key>lastKnownFileType</key>
			<string>sourcecode.swift</string>
			<key>path</key>
			<string>MockData.swift</string>
			<key>sourceTree</key>
			<string>&lt;group&gt;</string>
		</dict>
		<key>0108F23919C02D4900C237C5</key>
		<dict>
			<key>fileRef</key>
			<string>0108F23819C02D4900C237C5</string>
			<key>isa</key>
			<string>PBXBuildFile</string>
		</dict>
		<key>0138C35119CF4892004FEE8E</key>
		<dict>
			<key>isa</key>
			<string>PBXFileReference</string>
			<key>lastKnownFileType</key>
			<string>sourcecode.c.h</string>
			<key>path</key>
			<string>Frothi-Bridging-Header.h</string>
			<key>sourceTree</key>
			<string>&lt;group&gt;</string>
		</dict>
		<key>0138C35419CF58FC004FEE8E</key>
		<dict>
			<key>fileEncoding</key>
			<string>4</string>
			<key>isa</key>
			<string>PBXFileReference</string>
			<key>lastKnownFileType</key>
			<string>sourcecode.swift</string>
			<key>path</key>
			<string>SideMenuController.swift</string>
			<key>sourceTree</key>
			<string>&lt;group&gt;</string>
		</dict>
		<key>0138C35519CF58FC004FEE8E</key>
		<dict>
			<key>fileRef</key>
			<string>0138C35419CF58FC004FEE8E</string>
			<key>isa</key>
			<string>PBXBuildFile</string>
		</dict>
		<key>0143E2CC19BD356600768A00</key>
		<dict>
			<key>fileEncoding</key>
			<string>4</string>
			<key>isa</key>
			<string>PBXFileReference</string>
			<key>lastKnownFileType</key>
			<string>sourcecode.swift</string>
			<key>path</key>
			<string>OrderController.swift</string>
			<key>sourceTree</key>
			<string>&lt;group&gt;</string>
		</dict>
		<key>0143E2CD19BD356600768A00</key>
		<dict>
			<key>fileRef</key>
			<string>0143E2CC19BD356600768A00</string>
			<key>isa</key>
			<string>PBXBuildFile</string>
		</dict>
		<key>0143E2CE19BD394300768A00</key>
		<dict>
			<key>fileEncoding</key>
			<string>4</string>
			<key>isa</key>
			<string>PBXFileReference</string>
			<key>lastKnownFileType</key>
			<string>sourcecode.swift</string>
			<key>path</key>
			<string>GradientView.swift</string>
			<key>sourceTree</key>
			<string>&lt;group&gt;</string>
		</dict>
		<key>0143E2CF19BD394300768A00</key>
		<dict>
			<key>fileRef</key>
			<string>0143E2CE19BD394300768A00</string>
			<key>isa</key>
			<string>PBXBuildFile</string>
		</dict>
		<key>0143E2D019BE95C800768A00</key>
		<dict>
			<key>fileEncoding</key>
			<string>4</string>
			<key>isa</key>
			<string>PBXFileReference</string>
			<key>lastKnownFileType</key>
			<string>sourcecode.swift</string>
			<key>path</key>
			<string>Cart.swift</string>
			<key>sourceTree</key>
			<string>&lt;group&gt;</string>
		</dict>
		<key>0143E2D119BE95C800768A00</key>
		<dict>
			<key>fileRef</key>
			<string>0143E2D019BE95C800768A00</string>
			<key>isa</key>
			<string>PBXBuildFile</string>
		</dict>
		<key>0143E2D219BE95DA00768A00</key>
		<dict>
			<key>fileEncoding</key>
			<string>4</string>
			<key>isa</key>
			<string>PBXFileReference</string>
			<key>lastKnownFileType</key>
			<string>sourcecode.swift</string>
			<key>path</key>
			<string>Item.swift</string>
			<key>sourceTree</key>
			<string>&lt;group&gt;</string>
		</dict>
		<key>0143E2D319BE95DA00768A00</key>
		<dict>
			<key>fileRef</key>
			<string>0143E2D219BE95DA00768A00</string>
			<key>isa</key>
			<string>PBXBuildFile</string>
		</dict>
		<key>014F847E19E3380A00611DFC</key>
		<dict>
			<key>children</key>
			<array>
				<string>014F847F19E3382B00611DFC</string>
				<string>014F848119E3399700611DFC</string>
			</array>
			<key>isa</key>
			<string>PBXGroup</string>
			<key>path</key>
			<string>ServiceAreasController</string>
			<key>sourceTree</key>
			<string>&lt;group&gt;</string>
		</dict>
		<key>014F847F19E3382B00611DFC</key>
		<dict>
			<key>fileEncoding</key>
			<string>4</string>
			<key>isa</key>
			<string>PBXFileReference</string>
			<key>lastKnownFileType</key>
			<string>sourcecode.swift</string>
			<key>path</key>
			<string>ServiceAreasController.swift</string>
			<key>sourceTree</key>
			<string>&lt;group&gt;</string>
		</dict>
		<key>014F848019E3382B00611DFC</key>
		<dict>
			<key>fileRef</key>
			<string>014F847F19E3382B00611DFC</string>
			<key>isa</key>
			<string>PBXBuildFile</string>
		</dict>
		<key>014F848119E3399700611DFC</key>
		<dict>
			<key>fileEncoding</key>
			<string>4</string>
			<key>isa</key>
			<string>PBXFileReference</string>
			<key>lastKnownFileType</key>
			<string>file.storyboard</string>
			<key>path</key>
			<string>ServiceAreasController.storyboard</string>
			<key>sourceTree</key>
			<string>&lt;group&gt;</string>
		</dict>
		<key>014F848219E3399700611DFC</key>
		<dict>
			<key>fileRef</key>
			<string>014F848119E3399700611DFC</string>
			<key>isa</key>
			<string>PBXBuildFile</string>
		</dict>
		<key>014F848319E3536300611DFC</key>
		<dict>
			<key>children</key>
			<array>
				<string>01B7210119BCCCCB00FCA4ED</string>
				<string>01B720FF19BC43A100FCA4ED</string>
			</array>
			<key>isa</key>
			<string>PBXGroup</string>
			<key>path</key>
			<string>DetailView</string>
			<key>sourceTree</key>
			<string>&lt;group&gt;</string>
		</dict>
		<key>0192350119D267D4007E6B11</key>
		<dict>
			<key>fileEncoding</key>
			<string>4</string>
			<key>isa</key>
			<string>PBXFileReference</string>
			<key>lastKnownFileType</key>
			<string>file.storyboard</string>
			<key>path</key>
			<string>SideMenuController.storyboard</string>
			<key>sourceTree</key>
			<string>&lt;group&gt;</string>
		</dict>
		<key>0192350219D267D4007E6B11</key>
		<dict>
			<key>fileRef</key>
			<string>0192350119D267D4007E6B11</string>
			<key>isa</key>
			<string>PBXBuildFile</string>
		</dict>
		<key>0192350319D274DC007E6B11</key>
		<dict>
			<key>fileEncoding</key>
			<string>4</string>
			<key>isa</key>
			<string>PBXFileReference</string>
			<key>lastKnownFileType</key>
			<string>file.storyboard</string>
			<key>name</key>
			<string>AccountController.storyboard</string>
			<key>path</key>
			<string>AccountController/AccountController.storyboard</string>
			<key>sourceTree</key>
			<string>&lt;group&gt;</string>
		</dict>
		<key>0192350419D274DC007E6B11</key>
		<dict>
			<key>fileRef</key>
			<string>0192350319D274DC007E6B11</string>
			<key>isa</key>
			<string>PBXBuildFile</string>
		</dict>
		<key>0192350B19D283C0007E6B11</key>
		<dict>
			<key>children</key>
			<array>
				<string>019873EF19C01A8E00C27ABC</string>
				<string>0143E2CC19BD356600768A00</string>
				<string>01B720F719BBE0C500FCA4ED</string>
				<string>01B720F519BBC14700FCA4ED</string>
				<string>0192350E19D284D8007E6B11</string>
			</array>
			<key>isa</key>
			<string>PBXGroup</string>
			<key>path</key>
			<string>HomeController</string>
			<key>sourceTree</key>
			<string>&lt;group&gt;</string>
		</dict>
		<key>0192350E19D284D8007E6B11</key>
		<dict>
			<key>fileEncoding</key>
			<string>4</string>
			<key>isa</key>
			<string>PBXFileReference</string>
			<key>lastKnownFileType</key>
			<string>file.storyboard</string>
			<key>path</key>
			<string>HomeController.storyboard</string>
			<key>sourceTree</key>
			<string>&lt;group&gt;</string>
		</dict>
		<key>0192350F19D284D8007E6B11</key>
		<dict>
			<key>fileRef</key>
			<string>0192350E19D284D8007E6B11</string>
			<key>isa</key>
			<string>PBXBuildFile</string>
		</dict>
		<key>0192351219D29FED007E6B11</key>
		<dict>
			<key>children</key>
			<array>
				<string>01C27D9719E491B500B5A049</string>
				<string>01EF595119BAC7560049B181</string>
				<string>0192351519D2A060007E6B11</string>
			</array>
			<key>isa</key>
			<string>PBXGroup</string>
			<key>path</key>
			<string>LoginController</string>
			<key>sourceTree</key>
			<string>&lt;group&gt;</string>
		</dict>
		<key>0192351519D2A060007E6B11</key>
		<dict>
			<key>fileEncoding</key>
			<string>4</string>
			<key>isa</key>
			<string>PBXFileReference</string>
			<key>lastKnownFileType</key>
			<string>file.storyboard</string>
			<key>path</key>
			<string>LoginController.storyboard</string>
			<key>sourceTree</key>
			<string>&lt;group&gt;</string>
		</dict>
		<key>0192351619D2A060007E6B11</key>
		<dict>
			<key>fileRef</key>
			<string>0192351519D2A060007E6B11</string>
			<key>isa</key>
			<string>PBXBuildFile</string>
		</dict>
		<key>0192351919D3C51D007E6B11</key>
		<dict>
			<key>fileEncoding</key>
			<string>4</string>
			<key>isa</key>
			<string>PBXFileReference</string>
			<key>lastKnownFileType</key>
			<string>sourcecode.swift</string>
			<key>path</key>
			<string>NavigationTableViewCell.swift</string>
			<key>sourceTree</key>
			<string>&lt;group&gt;</string>
		</dict>
		<key>0192351A19D3C51D007E6B11</key>
		<dict>
			<key>fileRef</key>
			<string>0192351919D3C51D007E6B11</string>
			<key>isa</key>
			<string>PBXBuildFile</string>
		</dict>
		<key>019873EF19C01A8E00C27ABC</key>
		<dict>
			<key>fileEncoding</key>
			<string>4</string>
			<key>isa</key>
			<string>PBXFileReference</string>
			<key>lastKnownFileType</key>
			<string>sourcecode.swift</string>
			<key>path</key>
			<string>OrderTableViewCell.swift</string>
			<key>sourceTree</key>
			<string>&lt;group&gt;</string>
		</dict>
		<key>019873F019C01A8E00C27ABC</key>
		<dict>
			<key>fileRef</key>
			<string>019873EF19C01A8E00C27ABC</string>
			<key>isa</key>
			<string>PBXBuildFile</string>
		</dict>
		<key>01B720F519BBC14700FCA4ED</key>
		<dict>
			<key>fileEncoding</key>
			<string>4</string>
			<key>isa</key>
			<string>PBXFileReference</string>
			<key>lastKnownFileType</key>
			<string>sourcecode.swift</string>
			<key>name</key>
			<string>HomeController.swift</string>
			<key>path</key>
			<string>Frothi/Controllers/HomeController/HomeController.swift</string>
			<key>sourceTree</key>
			<string>SOURCE_ROOT</string>
		</dict>
		<key>01B720F619BBC14700FCA4ED</key>
		<dict>
			<key>fileRef</key>
			<string>01B720F519BBC14700FCA4ED</string>
			<key>isa</key>
			<string>PBXBuildFile</string>
		</dict>
		<key>01B720F719BBE0C500FCA4ED</key>
		<dict>
			<key>fileEncoding</key>
			<string>4</string>
			<key>isa</key>
			<string>PBXFileReference</string>
			<key>lastKnownFileType</key>
			<string>sourcecode.swift</string>
			<key>path</key>
			<string>CardTableViewCell.swift</string>
			<key>sourceTree</key>
			<string>&lt;group&gt;</string>
		</dict>
		<key>01B720F819BBE0C500FCA4ED</key>
		<dict>
			<key>fileRef</key>
			<string>01B720F719BBE0C500FCA4ED</string>
			<key>isa</key>
			<string>PBXBuildFile</string>
		</dict>
		<key>01B720FF19BC43A100FCA4ED</key>
		<dict>
			<key>fileEncoding</key>
			<string>4</string>
			<key>isa</key>
			<string>PBXFileReference</string>
			<key>lastKnownFileType</key>
			<string>file.xib</string>
			<key>path</key>
			<string>DetailView.xib</string>
			<key>sourceTree</key>
			<string>&lt;group&gt;</string>
		</dict>
		<key>01B7210019BC43A100FCA4ED</key>
		<dict>
			<key>fileRef</key>
			<string>01B720FF19BC43A100FCA4ED</string>
			<key>isa</key>
			<string>PBXBuildFile</string>
		</dict>
		<key>01B7210119BCCCCB00FCA4ED</key>
		<dict>
			<key>fileEncoding</key>
			<string>4</string>
			<key>isa</key>
			<string>PBXFileReference</string>
			<key>lastKnownFileType</key>
			<string>sourcecode.swift</string>
			<key>name</key>
			<string>DetailView.swift</string>
			<key>path</key>
			<string>Frothi/Views/DetailView/DetailView.swift</string>
			<key>sourceTree</key>
			<string>SOURCE_ROOT</string>
		</dict>
		<key>01B7210219BCCCCB00FCA4ED</key>
		<dict>
			<key>fileRef</key>
			<string>01B7210119BCCCCB00FCA4ED</string>
			<key>isa</key>
			<string>PBXBuildFile</string>
		</dict>
		<key>01C27D9719E491B500B5A049</key>
		<dict>
			<key>fileEncoding</key>
			<string>4</string>
			<key>isa</key>
			<string>PBXFileReference</string>
			<key>lastKnownFileType</key>
			<string>sourcecode.swift</string>
			<key>path</key>
			<string>RegistrationController.swift</string>
			<key>sourceTree</key>
			<string>&lt;group&gt;</string>
		</dict>
		<key>01C27D9819E491B500B5A049</key>
		<dict>
			<key>fileRef</key>
			<string>01C27D9719E491B500B5A049</string>
			<key>isa</key>
			<string>PBXBuildFile</string>
		</dict>
		<key>01EF592019BABFE10049B181</key>
		<dict>
			<key>children</key>
			<array>
				<string>01EF592B19BABFE10049B181</string>
				<string>01EF593E19BABFE10049B181</string>
				<string>01EF592A19BABFE10049B181</string>
				<string>07C60663112B4C84A9BD1698</string>
				<string>61BA048D118D5D75F9D17926</string>
			</array>
			<key>isa</key>
			<string>PBXGroup</string>
			<key>sourceTree</key>
			<string>&lt;group&gt;</string>
		</dict>
		<key>01EF592119BABFE10049B181</key>
		<dict>
			<key>attributes</key>
			<dict>
				<key>LastUpgradeCheck</key>
				<string>0600</string>
				<key>ORGANIZATIONNAME</key>
				<string>nick</string>
				<key>TargetAttributes</key>
				<dict>
					<key>01EF592819BABFE10049B181</key>
					<dict>
						<key>CreatedOnToolsVersion</key>
						<string>6.0</string>
					</dict>
					<key>01EF593A19BABFE10049B181</key>
					<dict>
						<key>CreatedOnToolsVersion</key>
						<string>6.0</string>
						<key>TestTargetID</key>
						<string>01EF592819BABFE10049B181</string>
					</dict>
				</dict>
			</dict>
			<key>buildConfigurationList</key>
			<string>01EF592419BABFE10049B181</string>
			<key>compatibilityVersion</key>
			<string>Xcode 3.2</string>
			<key>developmentRegion</key>
			<string>English</string>
			<key>hasScannedForEncodings</key>
			<string>0</string>
			<key>isa</key>
			<string>PBXProject</string>
			<key>knownRegions</key>
			<array>
				<string>en</string>
				<string>Base</string>
			</array>
			<key>mainGroup</key>
			<string>01EF592019BABFE10049B181</string>
			<key>productRefGroup</key>
			<string>01EF592A19BABFE10049B181</string>
			<key>projectDirPath</key>
			<string></string>
			<key>projectReferences</key>
			<array/>
			<key>projectRoot</key>
			<string></string>
			<key>targets</key>
			<array>
				<string>01EF592819BABFE10049B181</string>
				<string>01EF593A19BABFE10049B181</string>
			</array>
		</dict>
		<key>01EF592419BABFE10049B181</key>
		<dict>
			<key>buildConfigurations</key>
			<array>
				<string>01EF594319BABFE10049B181</string>
				<string>01EF594419BABFE10049B181</string>
			</array>
			<key>defaultConfigurationIsVisible</key>
			<string>0</string>
			<key>defaultConfigurationName</key>
			<string>Release</string>
			<key>isa</key>
			<string>XCConfigurationList</string>
		</dict>
		<key>01EF592519BABFE10049B181</key>
		<dict>
			<key>buildActionMask</key>
			<string>2147483647</string>
			<key>files</key>
			<array>
				<string>0143E2CD19BD356600768A00</string>
				<string>01EF595219BAC7560049B181</string>
				<string>01B720F819BBE0C500FCA4ED</string>
				<string>0108F23919C02D4900C237C5</string>
				<string>01EF592F19BABFE10049B181</string>
				<string>014F848019E3382B00611DFC</string>
				<string>01B7210219BCCCCB00FCA4ED</string>
				<string>01F0E5B819CFB1AB00DA8E84</string>
				<string>01EF595419BACA390049B181</string>
				<string>019873F019C01A8E00C27ABC</string>
				<string>01C27D9819E491B500B5A049</string>
				<string>0138C35519CF58FC004FEE8E</string>
				<string>0143E2D319BE95DA00768A00</string>
				<string>0192351A19D3C51D007E6B11</string>
				<string>01EF595A19BAE9250049B181</string>
				<string>0143E2D119BE95C800768A00</string>
				<string>0143E2CF19BD394300768A00</string>
				<string>01B720F619BBC14700FCA4ED</string>
			</array>
			<key>isa</key>
			<string>PBXSourcesBuildPhase</string>
			<key>runOnlyForDeploymentPostprocessing</key>
			<string>0</string>
		</dict>
		<key>01EF592619BABFE10049B181</key>
		<dict>
			<key>buildActionMask</key>
			<string>2147483647</string>
			<key>files</key>
			<array>
				<string>A4AEB9BDB8CF419B8849FB22</string>
				<string>EE7888B9630D93861F44F148</string>
			</array>
			<key>isa</key>
			<string>PBXFrameworksBuildPhase</string>
			<key>runOnlyForDeploymentPostprocessing</key>
			<string>0</string>
		</dict>
		<key>01EF592719BABFE10049B181</key>
		<dict>
			<key>buildActionMask</key>
			<string>2147483647</string>
			<key>files</key>
			<array>
				<string>014F848219E3399700611DFC</string>
				<string>0192351619D2A060007E6B11</string>
				<string>0192350219D267D4007E6B11</string>
				<string>01B7210019BC43A100FCA4ED</string>
				<string>0192350F19D284D8007E6B11</string>
				<string>01EF593619BABFE10049B181</string>
				<string>0192350419D274DC007E6B11</string>
			</array>
			<key>isa</key>
			<string>PBXResourcesBuildPhase</string>
			<key>runOnlyForDeploymentPostprocessing</key>
			<string>0</string>
		</dict>
		<key>01EF592819BABFE10049B181</key>
		<dict>
			<key>buildConfigurationList</key>
			<string>01EF594519BABFE10049B181</string>
			<key>buildPhases</key>
			<array>
				<string>F729E36A6F1540E4A8961B2F</string>
				<string>01EF592519BABFE10049B181</string>
				<string>01EF592619BABFE10049B181</string>
				<string>01EF592719BABFE10049B181</string>
				<string>5CC80C19A9D4454FB8C523A5</string>
			</array>
			<key>buildRules</key>
			<array/>
			<key>dependencies</key>
			<array/>
			<key>isa</key>
			<string>PBXNativeTarget</string>
			<key>name</key>
			<string>Frothi</string>
			<key>productName</key>
			<string>Frothi</string>
			<key>productReference</key>
			<string>01EF592919BABFE10049B181</string>
			<key>productType</key>
			<string>com.apple.product-type.application</string>
		</dict>
		<key>01EF592919BABFE10049B181</key>
		<dict>
			<key>explicitFileType</key>
			<string>wrapper.application</string>
			<key>includeInIndex</key>
			<string>0</string>
			<key>isa</key>
			<string>PBXFileReference</string>
			<key>path</key>
			<string>Frothi.app</string>
			<key>sourceTree</key>
			<string>BUILT_PRODUCTS_DIR</string>
		</dict>
		<key>01EF592A19BABFE10049B181</key>
		<dict>
			<key>children</key>
			<array>
				<string>01EF592919BABFE10049B181</string>
				<string>01EF593B19BABFE10049B181</string>
			</array>
			<key>isa</key>
			<string>PBXGroup</string>
			<key>name</key>
			<string>Products</string>
			<key>sourceTree</key>
			<string>&lt;group&gt;</string>
		</dict>
		<key>01EF592B19BABFE10049B181</key>
		<dict>
			<key>children</key>
			<array>
				<string>01EF592E19BABFE10049B181</string>
				<string>0138C35119CF4892004FEE8E</string>
				<string>01EF594E19BAC6C50049B181</string>
				<string>01EF594D19BAC6B80049B181</string>
				<string>01EF594C19BAC6B40049B181</string>
				<string>01EF594B19BAC6B10049B181</string>
				<string>01EF593519BABFE10049B181</string>
				<string>01EF592C19BABFE10049B181</string>
			</array>
			<key>isa</key>
			<string>PBXGroup</string>
			<key>path</key>
			<string>Frothi</string>
			<key>sourceTree</key>
			<string>&lt;group&gt;</string>
		</dict>
		<key>01EF592C19BABFE10049B181</key>
		<dict>
			<key>children</key>
			<array>
				<string>01EF592D19BABFE10049B181</string>
			</array>
			<key>isa</key>
			<string>PBXGroup</string>
			<key>name</key>
			<string>Supporting Files</string>
			<key>sourceTree</key>
			<string>&lt;group&gt;</string>
		</dict>
		<key>01EF592D19BABFE10049B181</key>
		<dict>
			<key>isa</key>
			<string>PBXFileReference</string>
			<key>lastKnownFileType</key>
			<string>text.plist.xml</string>
			<key>path</key>
			<string>Info.plist</string>
			<key>sourceTree</key>
			<string>&lt;group&gt;</string>
		</dict>
		<key>01EF592E19BABFE10049B181</key>
		<dict>
			<key>isa</key>
			<string>PBXFileReference</string>
			<key>lastKnownFileType</key>
			<string>sourcecode.swift</string>
			<key>path</key>
			<string>AppDelegate.swift</string>
			<key>sourceTree</key>
			<string>&lt;group&gt;</string>
		</dict>
		<key>01EF592F19BABFE10049B181</key>
		<dict>
			<key>fileRef</key>
			<string>01EF592E19BABFE10049B181</string>
			<key>isa</key>
			<string>PBXBuildFile</string>
		</dict>
		<key>01EF593519BABFE10049B181</key>
		<dict>
			<key>isa</key>
			<string>PBXFileReference</string>
			<key>lastKnownFileType</key>
			<string>folder.assetcatalog</string>
			<key>path</key>
			<string>Images.xcassets</string>
			<key>sourceTree</key>
			<string>&lt;group&gt;</string>
		</dict>
		<key>01EF593619BABFE10049B181</key>
		<dict>
			<key>fileRef</key>
			<string>01EF593519BABFE10049B181</string>
			<key>isa</key>
			<string>PBXBuildFile</string>
		</dict>
		<key>01EF593719BABFE10049B181</key>
		<dict>
			<key>buildActionMask</key>
			<string>2147483647</string>
			<key>files</key>
			<array>
				<string>01EF594219BABFE10049B181</string>
			</array>
			<key>isa</key>
			<string>PBXSourcesBuildPhase</string>
			<key>runOnlyForDeploymentPostprocessing</key>
			<string>0</string>
		</dict>
		<key>01EF593819BABFE10049B181</key>
		<dict>
			<key>buildActionMask</key>
			<string>2147483647</string>
			<key>files</key>
			<array/>
			<key>isa</key>
			<string>PBXFrameworksBuildPhase</string>
			<key>runOnlyForDeploymentPostprocessing</key>
			<string>0</string>
		</dict>
		<key>01EF593919BABFE10049B181</key>
		<dict>
			<key>buildActionMask</key>
			<string>2147483647</string>
			<key>files</key>
			<array/>
			<key>isa</key>
			<string>PBXResourcesBuildPhase</string>
			<key>runOnlyForDeploymentPostprocessing</key>
			<string>0</string>
		</dict>
		<key>01EF593A19BABFE10049B181</key>
		<dict>
			<key>buildConfigurationList</key>
			<string>01EF594819BABFE10049B181</string>
			<key>buildPhases</key>
			<array>
				<string>01EF593719BABFE10049B181</string>
				<string>01EF593819BABFE10049B181</string>
				<string>01EF593919BABFE10049B181</string>
			</array>
			<key>buildRules</key>
			<array/>
			<key>dependencies</key>
			<array>
				<string>01EF593D19BABFE10049B181</string>
			</array>
			<key>isa</key>
			<string>PBXNativeTarget</string>
			<key>name</key>
			<string>FrothiTests</string>
			<key>productName</key>
			<string>FrothiTests</string>
			<key>productReference</key>
			<string>01EF593B19BABFE10049B181</string>
			<key>productType</key>
			<string>com.apple.product-type.bundle.unit-test</string>
		</dict>
		<key>01EF593B19BABFE10049B181</key>
		<dict>
			<key>explicitFileType</key>
			<string>wrapper.cfbundle</string>
			<key>includeInIndex</key>
			<string>0</string>
			<key>isa</key>
			<string>PBXFileReference</string>
			<key>path</key>
			<string>FrothiTests.xctest</string>
			<key>sourceTree</key>
			<string>BUILT_PRODUCTS_DIR</string>
		</dict>
		<key>01EF593C19BABFE10049B181</key>
		<dict>
			<key>containerPortal</key>
			<string>01EF592119BABFE10049B181</string>
			<key>isa</key>
			<string>PBXContainerItemProxy</string>
			<key>proxyType</key>
			<string>1</string>
			<key>remoteGlobalIDString</key>
			<string>01EF592819BABFE10049B181</string>
			<key>remoteInfo</key>
			<string>Frothi</string>
		</dict>
		<key>01EF593D19BABFE10049B181</key>
		<dict>
			<key>isa</key>
			<string>PBXTargetDependency</string>
			<key>target</key>
			<string>01EF592819BABFE10049B181</string>
			<key>targetProxy</key>
			<string>01EF593C19BABFE10049B181</string>
		</dict>
		<key>01EF593E19BABFE10049B181</key>
		<dict>
			<key>children</key>
			<array>
				<string>01EF594119BABFE10049B181</string>
				<string>01EF593F19BABFE10049B181</string>
			</array>
			<key>isa</key>
			<string>PBXGroup</string>
			<key>path</key>
			<string>FrothiTests</string>
			<key>sourceTree</key>
			<string>&lt;group&gt;</string>
		</dict>
		<key>01EF593F19BABFE10049B181</key>
		<dict>
			<key>children</key>
			<array>
				<string>01EF594019BABFE10049B181</string>
			</array>
			<key>isa</key>
			<string>PBXGroup</string>
			<key>name</key>
			<string>Supporting Files</string>
			<key>sourceTree</key>
			<string>&lt;group&gt;</string>
		</dict>
		<key>01EF594019BABFE10049B181</key>
		<dict>
			<key>isa</key>
			<string>PBXFileReference</string>
			<key>lastKnownFileType</key>
			<string>text.plist.xml</string>
			<key>path</key>
			<string>Info.plist</string>
			<key>sourceTree</key>
			<string>&lt;group&gt;</string>
		</dict>
		<key>01EF594119BABFE10049B181</key>
		<dict>
			<key>isa</key>
			<string>PBXFileReference</string>
			<key>lastKnownFileType</key>
			<string>sourcecode.swift</string>
			<key>path</key>
			<string>FrothiTests.swift</string>
			<key>sourceTree</key>
			<string>&lt;group&gt;</string>
		</dict>
		<key>01EF594219BABFE10049B181</key>
		<dict>
			<key>fileRef</key>
			<string>01EF594119BABFE10049B181</string>
			<key>isa</key>
			<string>PBXBuildFile</string>
		</dict>
		<key>01EF594319BABFE10049B181</key>
		<dict>
			<key>buildSettings</key>
			<dict>
				<key>ALWAYS_SEARCH_USER_PATHS</key>
				<string>NO</string>
				<key>CLANG_CXX_LANGUAGE_STANDARD</key>
				<string>gnu++0x</string>
				<key>CLANG_CXX_LIBRARY</key>
				<string>libc++</string>
				<key>CLANG_ENABLE_MODULES</key>
				<string>YES</string>
				<key>CLANG_ENABLE_OBJC_ARC</key>
				<string>YES</string>
				<key>CLANG_WARN_BOOL_CONVERSION</key>
				<string>YES</string>
				<key>CLANG_WARN_CONSTANT_CONVERSION</key>
				<string>YES</string>
				<key>CLANG_WARN_DIRECT_OBJC_ISA_USAGE</key>
				<string>YES_ERROR</string>
				<key>CLANG_WARN_EMPTY_BODY</key>
				<string>YES</string>
				<key>CLANG_WARN_ENUM_CONVERSION</key>
				<string>YES</string>
				<key>CLANG_WARN_INT_CONVERSION</key>
				<string>YES</string>
				<key>CLANG_WARN_OBJC_ROOT_CLASS</key>
				<string>YES_ERROR</string>
				<key>CLANG_WARN_UNREACHABLE_CODE</key>
				<string>YES</string>
				<key>CLANG_WARN__DUPLICATE_METHOD_MATCH</key>
				<string>YES</string>
				<key>CODE_SIGN_IDENTITY[sdk=iphoneos*]</key>
				<string>iPhone Developer</string>
				<key>COPY_PHASE_STRIP</key>
				<string>NO</string>
				<key>ENABLE_STRICT_OBJC_MSGSEND</key>
				<string>YES</string>
				<key>GCC_C_LANGUAGE_STANDARD</key>
				<string>gnu99</string>
				<key>GCC_DYNAMIC_NO_PIC</key>
				<string>NO</string>
				<key>GCC_OPTIMIZATION_LEVEL</key>
				<string>0</string>
				<key>GCC_PREPROCESSOR_DEFINITIONS</key>
				<array>
					<string>DEBUG=1</string>
					<string>$(inherited)</string>
				</array>
				<key>GCC_SYMBOLS_PRIVATE_EXTERN</key>
				<string>NO</string>
				<key>GCC_WARN_64_TO_32_BIT_CONVERSION</key>
				<string>YES</string>
				<key>GCC_WARN_ABOUT_RETURN_TYPE</key>
				<string>YES_ERROR</string>
				<key>GCC_WARN_UNDECLARED_SELECTOR</key>
				<string>YES</string>
				<key>GCC_WARN_UNINITIALIZED_AUTOS</key>
				<string>YES_AGGRESSIVE</string>
				<key>GCC_WARN_UNUSED_FUNCTION</key>
				<string>YES</string>
				<key>GCC_WARN_UNUSED_VARIABLE</key>
				<string>YES</string>
				<key>IPHONEOS_DEPLOYMENT_TARGET</key>
				<string>8.0</string>
				<key>MTL_ENABLE_DEBUG_INFO</key>
				<string>YES</string>
				<key>ONLY_ACTIVE_ARCH</key>
				<string>YES</string>
				<key>SDKROOT</key>
				<string>iphoneos</string>
				<key>SWIFT_OPTIMIZATION_LEVEL</key>
				<string>-Onone</string>
			</dict>
			<key>isa</key>
			<string>XCBuildConfiguration</string>
			<key>name</key>
			<string>Debug</string>
		</dict>
		<key>01EF594419BABFE10049B181</key>
		<dict>
			<key>buildSettings</key>
			<dict>
				<key>ALWAYS_SEARCH_USER_PATHS</key>
				<string>NO</string>
				<key>CLANG_CXX_LANGUAGE_STANDARD</key>
				<string>gnu++0x</string>
				<key>CLANG_CXX_LIBRARY</key>
				<string>libc++</string>
				<key>CLANG_ENABLE_MODULES</key>
				<string>YES</string>
				<key>CLANG_ENABLE_OBJC_ARC</key>
				<string>YES</string>
				<key>CLANG_WARN_BOOL_CONVERSION</key>
				<string>YES</string>
				<key>CLANG_WARN_CONSTANT_CONVERSION</key>
				<string>YES</string>
				<key>CLANG_WARN_DIRECT_OBJC_ISA_USAGE</key>
				<string>YES_ERROR</string>
				<key>CLANG_WARN_EMPTY_BODY</key>
				<string>YES</string>
				<key>CLANG_WARN_ENUM_CONVERSION</key>
				<string>YES</string>
				<key>CLANG_WARN_INT_CONVERSION</key>
				<string>YES</string>
				<key>CLANG_WARN_OBJC_ROOT_CLASS</key>
				<string>YES_ERROR</string>
				<key>CLANG_WARN_UNREACHABLE_CODE</key>
				<string>YES</string>
				<key>CLANG_WARN__DUPLICATE_METHOD_MATCH</key>
				<string>YES</string>
				<key>CODE_SIGN_IDENTITY[sdk=iphoneos*]</key>
				<string>iPhone Developer</string>
				<key>COPY_PHASE_STRIP</key>
				<string>YES</string>
				<key>ENABLE_NS_ASSERTIONS</key>
				<string>NO</string>
				<key>ENABLE_STRICT_OBJC_MSGSEND</key>
				<string>YES</string>
				<key>GCC_C_LANGUAGE_STANDARD</key>
				<string>gnu99</string>
				<key>GCC_WARN_64_TO_32_BIT_CONVERSION</key>
				<string>YES</string>
				<key>GCC_WARN_ABOUT_RETURN_TYPE</key>
				<string>YES_ERROR</string>
				<key>GCC_WARN_UNDECLARED_SELECTOR</key>
				<string>YES</string>
				<key>GCC_WARN_UNINITIALIZED_AUTOS</key>
				<string>YES_AGGRESSIVE</string>
				<key>GCC_WARN_UNUSED_FUNCTION</key>
				<string>YES</string>
				<key>GCC_WARN_UNUSED_VARIABLE</key>
				<string>YES</string>
				<key>IPHONEOS_DEPLOYMENT_TARGET</key>
				<string>8.0</string>
				<key>MTL_ENABLE_DEBUG_INFO</key>
				<string>NO</string>
				<key>SDKROOT</key>
				<string>iphoneos</string>
				<key>VALIDATE_PRODUCT</key>
				<string>YES</string>
			</dict>
			<key>isa</key>
			<string>XCBuildConfiguration</string>
			<key>name</key>
			<string>Release</string>
		</dict>
		<key>01EF594519BABFE10049B181</key>
		<dict>
			<key>buildConfigurations</key>
			<array>
				<string>01EF594619BABFE10049B181</string>
				<string>01EF594719BABFE10049B181</string>
			</array>
			<key>defaultConfigurationIsVisible</key>
			<string>0</string>
			<key>defaultConfigurationName</key>
			<string>Release</string>
			<key>isa</key>
			<string>XCConfigurationList</string>
		</dict>
		<key>01EF594619BABFE10049B181</key>
		<dict>
			<key>baseConfigurationReference</key>
			<string>8EBBA1EE62B611E2CDC9554A</string>
			<key>buildSettings</key>
			<dict>
				<key>ASSETCATALOG_COMPILER_APPICON_NAME</key>
				<string>AppIcon</string>
				<key>ASSETCATALOG_COMPILER_LAUNCHIMAGE_NAME</key>
				<string>LaunchImage</string>
				<key>CLANG_ENABLE_MODULES</key>
				<string>YES</string>
				<key>INFOPLIST_FILE</key>
				<string>Frothi/Info.plist</string>
				<key>IPHONEOS_DEPLOYMENT_TARGET</key>
				<string>7.1</string>
				<key>LD_RUNPATH_SEARCH_PATHS</key>
				<string>$(inherited) @executable_path/Frameworks</string>
				<key>PRODUCT_NAME</key>
				<string>$(TARGET_NAME)</string>
				<key>SWIFT_OBJC_BRIDGING_HEADER</key>
				<string>Frothi/Frothi-Bridging-Header.h</string>
				<key>SWIFT_OPTIMIZATION_LEVEL</key>
				<string>-Onone</string>
			</dict>
			<key>isa</key>
			<string>XCBuildConfiguration</string>
			<key>name</key>
			<string>Debug</string>
		</dict>
		<key>01EF594719BABFE10049B181</key>
		<dict>
			<key>baseConfigurationReference</key>
			<string>6FB374923DE97C3C2944806C</string>
			<key>buildSettings</key>
			<dict>
				<key>ASSETCATALOG_COMPILER_APPICON_NAME</key>
				<string>AppIcon</string>
				<key>ASSETCATALOG_COMPILER_LAUNCHIMAGE_NAME</key>
				<string>LaunchImage</string>
				<key>CLANG_ENABLE_MODULES</key>
				<string>YES</string>
				<key>INFOPLIST_FILE</key>
				<string>Frothi/Info.plist</string>
				<key>IPHONEOS_DEPLOYMENT_TARGET</key>
				<string>7.1</string>
				<key>LD_RUNPATH_SEARCH_PATHS</key>
				<string>$(inherited) @executable_path/Frameworks</string>
				<key>PRODUCT_NAME</key>
				<string>$(TARGET_NAME)</string>
				<key>SWIFT_OBJC_BRIDGING_HEADER</key>
				<string>Frothi/Frothi-Bridging-Header.h</string>
			</dict>
			<key>isa</key>
			<string>XCBuildConfiguration</string>
			<key>name</key>
			<string>Release</string>
		</dict>
		<key>01EF594819BABFE10049B181</key>
		<dict>
			<key>buildConfigurations</key>
			<array>
				<string>01EF594919BABFE10049B181</string>
				<string>01EF594A19BABFE10049B181</string>
			</array>
			<key>defaultConfigurationIsVisible</key>
			<string>0</string>
			<key>defaultConfigurationName</key>
			<string>Release</string>
			<key>isa</key>
			<string>XCConfigurationList</string>
		</dict>
		<key>01EF594919BABFE10049B181</key>
		<dict>
			<key>buildSettings</key>
			<dict>
				<key>BUNDLE_LOADER</key>
				<string>$(TEST_HOST)</string>
				<key>FRAMEWORK_SEARCH_PATHS</key>
				<array>
					<string>$(SDKROOT)/Developer/Library/Frameworks</string>
					<string>$(inherited)</string>
				</array>
				<key>GCC_PREPROCESSOR_DEFINITIONS</key>
				<array>
					<string>DEBUG=1</string>
					<string>$(inherited)</string>
				</array>
				<key>INFOPLIST_FILE</key>
				<string>FrothiTests/Info.plist</string>
				<key>LD_RUNPATH_SEARCH_PATHS</key>
				<string>$(inherited) @executable_path/Frameworks @loader_path/Frameworks</string>
				<key>PRODUCT_NAME</key>
				<string>$(TARGET_NAME)</string>
				<key>TEST_HOST</key>
				<string>$(BUILT_PRODUCTS_DIR)/Frothi.app/Frothi</string>
			</dict>
			<key>isa</key>
			<string>XCBuildConfiguration</string>
			<key>name</key>
			<string>Debug</string>
		</dict>
		<key>01EF594A19BABFE10049B181</key>
		<dict>
			<key>buildSettings</key>
			<dict>
				<key>BUNDLE_LOADER</key>
				<string>$(TEST_HOST)</string>
				<key>FRAMEWORK_SEARCH_PATHS</key>
				<array>
					<string>$(SDKROOT)/Developer/Library/Frameworks</string>
					<string>$(inherited)</string>
				</array>
				<key>INFOPLIST_FILE</key>
				<string>FrothiTests/Info.plist</string>
				<key>LD_RUNPATH_SEARCH_PATHS</key>
				<string>$(inherited) @executable_path/Frameworks @loader_path/Frameworks</string>
				<key>PRODUCT_NAME</key>
				<string>$(TARGET_NAME)</string>
				<key>TEST_HOST</key>
				<string>$(BUILT_PRODUCTS_DIR)/Frothi.app/Frothi</string>
			</dict>
			<key>isa</key>
			<string>XCBuildConfiguration</string>
			<key>name</key>
			<string>Release</string>
		</dict>
		<key>01EF594B19BAC6B10049B181</key>
		<dict>
			<key>children</key>
			<array>
				<string>0143E2D019BE95C800768A00</string>
				<string>0143E2D219BE95DA00768A00</string>
			</array>
			<key>isa</key>
			<string>PBXGroup</string>
			<key>path</key>
			<string>Models</string>
			<key>sourceTree</key>
			<string>&lt;group&gt;</string>
		</dict>
		<key>01EF594C19BAC6B40049B181</key>
		<dict>
			<key>children</key>
			<array>
				<string>0108F23819C02D4900C237C5</string>
			</array>
			<key>isa</key>
			<string>PBXGroup</string>
			<key>path</key>
			<string>API</string>
			<key>sourceTree</key>
			<string>&lt;group&gt;</string>
		</dict>
		<key>01EF594D19BAC6B80049B181</key>
		<dict>
			<key>children</key>
			<array>
				<string>014F847E19E3380A00611DFC</string>
				<string>01F0E5B619CFB19B00DA8E84</string>
				<string>0192350B19D283C0007E6B11</string>
				<string>01F0E5B319CFA05700DA8E84</string>
				<string>0192351219D29FED007E6B11</string>
			</array>
			<key>isa</key>
			<string>PBXGroup</string>
			<key>path</key>
			<string>Controllers</string>
			<key>sourceTree</key>
			<string>&lt;group&gt;</string>
		</dict>
		<key>01EF594E19BAC6C50049B181</key>
		<dict>
			<key>children</key>
			<array>
				<string>014F848319E3536300611DFC</string>
				<string>01EF595319BACA390049B181</string>
				<string>0143E2CE19BD394300768A00</string>
				<string>01EF595919BAE9250049B181</string>
			</array>
			<key>isa</key>
			<string>PBXGroup</string>
			<key>path</key>
			<string>Views</string>
			<key>sourceTree</key>
			<string>&lt;group&gt;</string>
		</dict>
		<key>01EF595119BAC7560049B181</key>
		<dict>
			<key>fileEncoding</key>
			<string>4</string>
			<key>isa</key>
			<string>PBXFileReference</string>
			<key>lastKnownFileType</key>
			<string>sourcecode.swift</string>
			<key>path</key>
			<string>LoginController.swift</string>
			<key>sourceTree</key>
			<string>&lt;group&gt;</string>
		</dict>
		<key>01EF595219BAC7560049B181</key>
		<dict>
			<key>fileRef</key>
			<string>01EF595119BAC7560049B181</string>
			<key>isa</key>
			<string>PBXBuildFile</string>
		</dict>
		<key>01EF595319BACA390049B181</key>
		<dict>
			<key>fileEncoding</key>
			<string>4</string>
			<key>isa</key>
			<string>PBXFileReference</string>
			<key>lastKnownFileType</key>
			<string>sourcecode.swift</string>
			<key>path</key>
			<string>BlurView.swift</string>
			<key>sourceTree</key>
			<string>&lt;group&gt;</string>
		</dict>
		<key>01EF595419BACA390049B181</key>
		<dict>
			<key>fileRef</key>
			<string>01EF595319BACA390049B181</string>
			<key>isa</key>
			<string>PBXBuildFile</string>
		</dict>
		<key>01EF595919BAE9250049B181</key>
		<dict>
			<key>fileEncoding</key>
			<string>4</string>
			<key>isa</key>
			<string>PBXFileReference</string>
			<key>lastKnownFileType</key>
			<string>sourcecode.swift</string>
			<key>path</key>
			<string>SpringAnimations.swift</string>
			<key>sourceTree</key>
			<string>&lt;group&gt;</string>
		</dict>
		<key>01EF595A19BAE9250049B181</key>
		<dict>
			<key>fileRef</key>
			<string>01EF595919BAE9250049B181</string>
			<key>isa</key>
			<string>PBXBuildFile</string>
		</dict>
		<key>01F0E5B319CFA05700DA8E84</key>
		<dict>
			<key>children</key>
			<array>
				<string>0192351919D3C51D007E6B11</string>
				<string>0138C35419CF58FC004FEE8E</string>
				<string>0192350119D267D4007E6B11</string>
			</array>
			<key>isa</key>
			<string>PBXGroup</string>
			<key>path</key>
			<string>SideMenuController</string>
			<key>sourceTree</key>
			<string>&lt;group&gt;</string>
		</dict>
		<key>01F0E5B619CFB19B00DA8E84</key>
		<dict>
			<key>children</key>
			<array>
				<string>01F0E5B719CFB1AB00DA8E84</string>
				<string>0192350319D274DC007E6B11</string>
			</array>
			<key>isa</key>
			<string>PBXGroup</string>
			<key>name</key>
			<string>AccountController</string>
			<key>sourceTree</key>
			<string>&lt;group&gt;</string>
		</dict>
		<key>01F0E5B719CFB1AB00DA8E84</key>
		<dict>
			<key>fileEncoding</key>
			<string>4</string>
			<key>isa</key>
			<string>PBXFileReference</string>
			<key>lastKnownFileType</key>
			<string>sourcecode.swift</string>
			<key>name</key>
			<string>AccountController.swift</string>
			<key>path</key>
			<string>AccountController/AccountController.swift</string>
			<key>sourceTree</key>
			<string>&lt;group&gt;</string>
		</dict>
		<key>01F0E5B819CFB1AB00DA8E84</key>
		<dict>
			<key>fileRef</key>
			<string>01F0E5B719CFB1AB00DA8E84</string>
			<key>isa</key>
			<string>PBXBuildFile</string>
		</dict>
		<key>07C60663112B4C84A9BD1698</key>
		<dict>
			<key>children</key>
			<array>
				<string>08A0870D2E99488188D4AA95</string>
				<string>AECC7BEF894BBC6061A08863</string>
			</array>
			<key>isa</key>
			<string>PBXGroup</string>
			<key>name</key>
			<string>Frameworks</string>
			<key>sourceTree</key>
			<string>&lt;group&gt;</string>
		</dict>
		<key>08A0870D2E99488188D4AA95</key>
		<dict>
			<key>explicitFileType</key>
			<string>archive.ar</string>
			<key>includeInIndex</key>
			<string>0</string>
			<key>isa</key>
			<string>PBXFileReference</string>
			<key>path</key>
			<string>libPods-Frothi.a</string>
			<key>sourceTree</key>
			<string>BUILT_PRODUCTS_DIR</string>
		</dict>
		<key>5CC80C19A9D4454FB8C523A5</key>
		<dict>
			<key>buildActionMask</key>
			<string>2147483647</string>
			<key>files</key>
			<array/>
			<key>inputPaths</key>
			<array/>
			<key>isa</key>
			<string>PBXShellScriptBuildPhase</string>
			<key>name</key>
			<string>Copy Pods Resources</string>
			<key>outputPaths</key>
			<array/>
			<key>runOnlyForDeploymentPostprocessing</key>
			<string>0</string>
			<key>shellPath</key>
			<string>/bin/sh</string>
			<key>shellScript</key>
			<string>"${SRCROOT}/Pods/Target Support Files/Pods-Frothi/Pods-Frothi-resources.sh"
</string>
			<key>showEnvVarsInLog</key>
			<string>0</string>
		</dict>
		<key>61BA048D118D5D75F9D17926</key>
		<dict>
			<key>children</key>
			<array>
				<string>8EBBA1EE62B611E2CDC9554A</string>
				<string>6FB374923DE97C3C2944806C</string>
			</array>
			<key>isa</key>
			<string>PBXGroup</string>
			<key>name</key>
			<string>Pods</string>
			<key>sourceTree</key>
			<string>&lt;group&gt;</string>
		</dict>
		<key>6FB374923DE97C3C2944806C</key>
		<dict>
			<key>includeInIndex</key>
			<string>1</string>
			<key>isa</key>
			<string>PBXFileReference</string>
			<key>lastKnownFileType</key>
			<string>text.xcconfig</string>
			<key>name</key>
			<string>Pods-Frothi.release.xcconfig</string>
			<key>path</key>
			<string>Pods/Target Support Files/Pods-Frothi/Pods-Frothi.release.xcconfig</string>
			<key>sourceTree</key>
			<string>&lt;group&gt;</string>
		</dict>
		<key>8EBBA1EE62B611E2CDC9554A</key>
		<dict>
			<key>includeInIndex</key>
			<string>1</string>
			<key>isa</key>
			<string>PBXFileReference</string>
			<key>lastKnownFileType</key>
			<string>text.xcconfig</string>
			<key>name</key>
			<string>Pods-Frothi.debug.xcconfig</string>
			<key>path</key>
			<string>Pods/Target Support Files/Pods-Frothi/Pods-Frothi.debug.xcconfig</string>
			<key>sourceTree</key>
			<string>&lt;group&gt;</string>
		</dict>
		<key>A4AEB9BDB8CF419B8849FB22</key>
		<dict>
			<key>fileRef</key>
			<string>08A0870D2E99488188D4AA95</string>
			<key>isa</key>
			<string>PBXBuildFile</string>
		</dict>
		<key>AECC7BEF894BBC6061A08863</key>
		<dict>
			<key>explicitFileType</key>
			<string>archive.ar</string>
			<key>includeInIndex</key>
			<string>0</string>
			<key>isa</key>
			<string>PBXFileReference</string>
			<key>path</key>
			<string>libPods.a</string>
			<key>sourceTree</key>
			<string>BUILT_PRODUCTS_DIR</string>
		</dict>
		<key>EE7888B9630D93861F44F148</key>
		<dict>
			<key>fileRef</key>
			<string>AECC7BEF894BBC6061A08863</string>
			<key>isa</key>
			<string>PBXBuildFile</string>
		</dict>
		<key>F729E36A6F1540E4A8961B2F</key>
		<dict>
			<key>buildActionMask</key>
			<string>2147483647</string>
			<key>files</key>
			<array/>
			<key>inputPaths</key>
			<array/>
			<key>isa</key>
			<string>PBXShellScriptBuildPhase</string>
			<key>name</key>
			<string>Check Pods Manifest.lock</string>
			<key>outputPaths</key>
			<array/>
			<key>runOnlyForDeploymentPostprocessing</key>
			<string>0</string>
			<key>shellPath</key>
			<string>/bin/sh</string>
			<key>shellScript</key>
			<string>diff "${PODS_ROOT}/../Podfile.lock" "${PODS_ROOT}/Manifest.lock" &gt; /dev/null
if [[ $? != 0 ]] ; then
    cat &lt;&lt; EOM
error: The sandbox is not in sync with the Podfile.lock. Run 'pod install' or update your CocoaPods installation.
EOM
    exit 1
fi
</string>
			<key>showEnvVarsInLog</key>
			<string>0</string>
		</dict>
	</dict>
	<key>rootObject</key>
	<string>01EF592119BABFE10049B181</string>
</dict>
</plist>
